# THIS IS AN AUTOGENERATED FILE. DO NOT EDIT THIS FILE DIRECTLY.
# yarn lockfile v1


fp-ts@^2.14.0:
  version "2.14.0"
  resolved "https://registry.yarnpkg.com/fp-ts/-/fp-ts-2.14.0.tgz#97ac3d9f002dcd02f93ca1269ae14a7fcb805582"
  integrity sha512-QLagLSYAgMA00pZzUzeksH/78Sd14y7+Gc2A8Yaja3/IpGOFMdm/gYBuDMxYqLsJ58iT5lz+bJb953RAeFfp1A==

parse-path@^7.0.0:
  version "7.0.0"
  resolved "https://registry.yarnpkg.com/parse-path/-/parse-path-7.0.0.tgz#605a2d58d0a749c8594405d8cc3a2bf76d16099b"
  integrity sha512-Euf9GG8WT9CdqwuWJGdf3RkUcTBArppHABkO7Lm8IzRQp0e2r/kkFnmhu4TSK30Wcu5rVAZLmfPKSBBi9tWFog==
  dependencies:
    protocols "^2.0.0"

parse-url@^8.1.0:
  version "8.1.0"
  resolved "https://registry.yarnpkg.com/parse-url/-/parse-url-8.1.0.tgz#972e0827ed4b57fc85f0ea6b0d839f0d8a57a57d"
  integrity sha512-xDvOoLU5XRrcOZvnI6b8zA6n9O9ejNk/GExuz1yBuWUGn9KA97GI6HTs6u02wKara1CeVmZhH+0TZFdWScR89w==
  dependencies:
    parse-path "^7.0.0"

protocols@^2.0.0:
  version "2.0.1"
  resolved "https://registry.yarnpkg.com/protocols/-/protocols-2.0.1.tgz#8f155da3fc0f32644e83c5782c8e8212ccf70a86"
  integrity sha512-/XJ368cyBJ7fzLMwLKv1e4vLxOju2MNAIokcr7meSaNcVbWz/CPcW22cP04mwxOErdA5mwjA8Q6w/cdAQxVn7Q==

url-parser@^0.0.1:
  version "0.0.1"
  resolved "https://registry.yarnpkg.com/url-parser/-/url-parser-0.0.1.tgz#6f8115bfe93db096e8febb991232a2544d800fa9"
  integrity sha512-4dFvZlpQBdvsj3fKtgomsGpZNE95krAsZJg/t2dbH/ljDeimjinjyJJoveJsecq9h88fl5/hXGZnVjiZn/pXSQ==
